
Microsoft Visual Studio Solution File, Format Version 12.00
# Visual Studio Version 16
VisualStudioVersion = 16.0.31005.135
MinimumVisualStudioVersion = 10.0.40219.1
Project("{888888A0-9F3D-457C-B088-3A5042F75D52}") = "Assignment_11", "Assignment_11.pyproj", "{C900F7DD-7890-4838-AF6D-3D912F034A59}"
EndProject
Global
	GlobalSection(SolutionConfigurationPlatforms) = preSolution
		Debug|Any CPU = Debug|Any CPU
		Release|Any CPU = Release|Any CPU
	EndGlobalSection
	GlobalSection(ProjectConfigurationPlatforms) = postSolution
		{C900F7DD-7890-4838-AF6D-3D912F034A59}.Debug|Any CPU.ActiveCfg = Debug|Any CPU
		{C900F7DD-7890-4838-AF6D-3D912F034A59}.Release|Any CPU.ActiveCfg = Release|Any CPU
	EndGlobalSection
	GlobalSection(SolutionProperties) = preSolution
		HideSolutionNode = FALSE
	EndGlobalSection
	GlobalSection(ExtensibilityGlobals) = postSolution
		SolutionGuid = {A44B70CB-81BE-4EE8-AFA0-3B6492CE0BDE}
	EndGlobalSection
EndGlobal
